<Solution>
  <Project Path="01 Biljettpriskalkylatorn/01 Biljettpriskalkylatorn.csproj" />
  <Project Path="02 Ålderskontrollen/02 Ålderskontrollen.csproj" />
  <Project Path="03 Inloggningsvalidering/03 Inloggningsvalidering.csproj" />
  <Project Path="04 Godisdelaren/04 Godisdelaren.csproj" />
  <Project Path="06 Medlemsrabatt/06 Medlemsrabatt.csproj" />
  <Project Path="07 Säker division/07 Säker division.csproj" />
  <Project Path="08 Stränglängdskontroll/08 Stränglängdskontroll.csproj" />
  <Project Path="09 Inkrementeringstjusa/09 Inkrementeringstjusa.csproj" />
  <Project Path="10 Datatyp safe casting/10 Datatyp safe casting.csproj" />
  <Project Path="11 Skatteuträknaren med Overflow/11 Skatteuträknaren med Overflow.csproj" />
  <Project Path="ConsoleApp1/05 Implicit vs Explicit.csproj" />
</Solution>
